
Microsoft Visual Studio Solution File, Format Version 12.00
# Visual Studio 15
VisualStudioVersion = 15.0.28010.2046
MinimumVisualStudioVersion = 10.0.40219.1
Project("{FAE04EC0-301F-11D3-BF4B-00C04F79EFBC}") = "SidWizPlusGUI", "SidWiz\SidWizPlusGUI.csproj", "{190749A3-C233-4825-9678-66CA9CEF295E}"
EndProject
Project("{FAE04EC0-301F-11D3-BF4B-00C04F79EFBC}") = "LibSidWiz", "LibSidWiz\LibSidWiz.csproj", "{75DD5F75-A354-4348-8A2F-7EE0F6AD6D18}"
EndProject
Project("{FAE04EC0-301F-11D3-BF4B-00C04F79EFBC}") = "SidWizPlus", "SidWizPlus\SidWizPlus.csproj", "{6E0D8279-E2FA-4FF5-921F-A408915A93A0}"
EndProject
Project("{FAE04EC0-301F-11D3-BF4B-00C04F79EFBC}") = "LibVgm", "LibVgm\LibVgm.csproj", "{04D48368-33AC-4DF0-B165-C5D032771E66}"
EndProject
Global
	GlobalSection(SolutionConfigurationPlatforms) = preSolution
		Debug|Any CPU = Debug|Any CPU
		Release|Any CPU = Release|Any CPU
	EndGlobalSection
	GlobalSection(ProjectConfigurationPlatforms) = postSolution
		{190749A3-C233-4825-9678-66CA9CEF295E}.Debug|Any CPU.ActiveCfg = Debug|Any CPU
		{190749A3-C233-4825-9678-66CA9CEF295E}.Debug|Any CPU.Build.0 = Debug|Any CPU
		{190749A3-C233-4825-9678-66CA9CEF295E}.Release|Any CPU.ActiveCfg = Release|Any CPU
		{190749A3-C233-4825-9678-66CA9CEF295E}.Release|Any CPU.Build.0 = Release|Any CPU
		{75DD5F75-A354-4348-8A2F-7EE0F6AD6D18}.Debug|Any CPU.ActiveCfg = Debug|Any CPU
		{75DD5F75-A354-4348-8A2F-7EE0F6AD6D18}.Debug|Any CPU.Build.0 = Debug|Any CPU
		{75DD5F75-A354-4348-8A2F-7EE0F6AD6D18}.Release|Any CPU.ActiveCfg = Release|Any CPU
		{75DD5F75-A354-4348-8A2F-7EE0F6AD6D18}.Release|Any CPU.Build.0 = Release|Any CPU
		{6E0D8279-E2FA-4FF5-921F-A408915A93A0}.Debug|Any CPU.ActiveCfg = Debug|Any CPU
		{6E0D8279-E2FA-4FF5-921F-A408915A93A0}.Debug|Any CPU.Build.0 = Debug|Any CPU
		{6E0D8279-E2FA-4FF5-921F-A408915A93A0}.Release|Any CPU.ActiveCfg = Release|Any CPU
		{6E0D8279-E2FA-4FF5-921F-A408915A93A0}.Release|Any CPU.Build.0 = Release|Any CPU
		{04D48368-33AC-4DF0-B165-C5D032771E66}.Debug|Any CPU.ActiveCfg = Debug|Any CPU
		{04D48368-33AC-4DF0-B165-C5D032771E66}.Debug|Any CPU.Build.0 = Debug|Any CPU
		{04D48368-33AC-4DF0-B165-C5D032771E66}.Release|Any CPU.ActiveCfg = Release|Any CPU
		{04D48368-33AC-4DF0-B165-C5D032771E66}.Release|Any CPU.Build.0 = Release|Any CPU
	EndGlobalSection
	GlobalSection(SolutionProperties) = preSolution
		HideSolutionNode = FALSE
	EndGlobalSection
	GlobalSection(ExtensibilityGlobals) = postSolution
		SolutionGuid = {3609C250-9081-41B1-B36F-4DE0AA0E2F38}
	EndGlobalSection
EndGlobal
