
Microsoft Visual Studio Solution File, Format Version 12.00
# Visual Studio 15
VisualStudioVersion = 15.0.28010.2046
MinimumVisualStudioVersion = 10.0.40219.1
Project("{FAE04EC0-301F-11D3-BF4B-00C04F79EFBC}") = "SidWiz", "SidWiz\SidWiz.csproj", "{190749A3-C233-4825-9678-66CA9CEF295E}"
EndProject
Global
	GlobalSection(SolutionConfigurationPlatforms) = preSolution
		Debug|Any CPU = Debug|Any CPU
		Release|Any CPU = Release|Any CPU
	EndGlobalSection
	GlobalSection(ProjectConfigurationPlatforms) = postSolution
		{190749A3-C233-4825-9678-66CA9CEF295E}.Debug|Any CPU.ActiveCfg = Debug|Any CPU
		{190749A3-C233-4825-9678-66CA9CEF295E}.Debug|Any CPU.Build.0 = Debug|Any CPU
		{190749A3-C233-4825-9678-66CA9CEF295E}.Release|Any CPU.ActiveCfg = Release|Any CPU
		{190749A3-C233-4825-9678-66CA9CEF295E}.Release|Any CPU.Build.0 = Release|Any CPU
	EndGlobalSection
	GlobalSection(SolutionProperties) = preSolution
		HideSolutionNode = FALSE
	EndGlobalSection
	GlobalSection(ExtensibilityGlobals) = postSolution
		SolutionGuid = {3609C250-9081-41B1-B36F-4DE0AA0E2F38}
	EndGlobalSection
EndGlobal
